
Microsoft Visual Studio Solution File, Format Version 12.00
# Visual Studio Version 16
VisualStudioVersion = 16.0.30420.98
MinimumVisualStudioVersion = 10.0.40219.1
Project("{8BC9CEB8-8B4A-11D0-8D11-00A0C91BC942}") = "Lib", "Lib\Lib.vcxproj", "{D364B6E7-A888-464B-B070-02D292F702FB}"
EndProject
Project("{9A19103F-16F7-4668-BE54-9A1E7A4F7556}") = "App", "App\App.csproj", "{932E397A-F0F8-41C1-8734-D2560993C5F5}"
	ProjectSection(ProjectDependencies) = postProject
		{D364B6E7-A888-464B-B070-02D292F702FB} = {D364B6E7-A888-464B-B070-02D292F702FB}
	EndProjectSection
EndProject
Global
	GlobalSection(SolutionConfigurationPlatforms) = preSolution
		Debug|Any CPU = Debug|Any CPU
		Debug|x64 = Debug|x64
		Debug|x86 = Debug|x86
		Release|Any CPU = Release|Any CPU
		Release|x64 = Release|x64
		Release|x86 = Release|x86
	EndGlobalSection
	GlobalSection(ProjectConfigurationPlatforms) = postSolution
		{D364B6E7-A888-464B-B070-02D292F702FB}.Debug|Any CPU.ActiveCfg = Debug|x64
		{D364B6E7-A888-464B-B070-02D292F702FB}.Debug|Any CPU.Build.0 = Debug|x64
		{D364B6E7-A888-464B-B070-02D292F702FB}.Debug|x64.ActiveCfg = Debug|x64
		{D364B6E7-A888-464B-B070-02D292F702FB}.Debug|x64.Build.0 = Debug|x64
		{D364B6E7-A888-464B-B070-02D292F702FB}.Debug|x86.ActiveCfg = Debug|Win32
		{D364B6E7-A888-464B-B070-02D292F702FB}.Debug|x86.Build.0 = Debug|Win32
		{D364B6E7-A888-464B-B070-02D292F702FB}.Release|Any CPU.ActiveCfg = Release|x64
		{D364B6E7-A888-464B-B070-02D292F702FB}.Release|Any CPU.Build.0 = Release|x64
		{D364B6E7-A888-464B-B070-02D292F702FB}.Release|x64.ActiveCfg = Release|x64
		{D364B6E7-A888-464B-B070-02D292F702FB}.Release|x64.Build.0 = Release|x64
		{D364B6E7-A888-464B-B070-02D292F702FB}.Release|x86.ActiveCfg = Release|Win32
		{D364B6E7-A888-464B-B070-02D292F702FB}.Release|x86.Build.0 = Release|Win32
		{932E397A-F0F8-41C1-8734-D2560993C5F5}.Debug|Any CPU.ActiveCfg = Debug|Any CPU
		{932E397A-F0F8-41C1-8734-D2560993C5F5}.Debug|Any CPU.Build.0 = Debug|Any CPU
		{932E397A-F0F8-41C1-8734-D2560993C5F5}.Debug|x64.ActiveCfg = Debug|Any CPU
		{932E397A-F0F8-41C1-8734-D2560993C5F5}.Debug|x64.Build.0 = Debug|Any CPU
		{932E397A-F0F8-41C1-8734-D2560993C5F5}.Debug|x86.ActiveCfg = Debug|Any CPU
		{932E397A-F0F8-41C1-8734-D2560993C5F5}.Debug|x86.Build.0 = Debug|Any CPU
		{932E397A-F0F8-41C1-8734-D2560993C5F5}.Release|Any CPU.ActiveCfg = Release|Any CPU
		{932E397A-F0F8-41C1-8734-D2560993C5F5}.Release|Any CPU.Build.0 = Release|Any CPU
		{932E397A-F0F8-41C1-8734-D2560993C5F5}.Release|x64.ActiveCfg = Release|Any CPU
		{932E397A-F0F8-41C1-8734-D2560993C5F5}.Release|x64.Build.0 = Release|Any CPU
		{932E397A-F0F8-41C1-8734-D2560993C5F5}.Release|x86.ActiveCfg = Release|Any CPU
		{932E397A-F0F8-41C1-8734-D2560993C5F5}.Release|x86.Build.0 = Release|Any CPU
	EndGlobalSection
	GlobalSection(SolutionProperties) = preSolution
		HideSolutionNode = FALSE
	EndGlobalSection
	GlobalSection(ExtensibilityGlobals) = postSolution
		SolutionGuid = {FEC83300-5B58-4C80-AED4-D7F173638A46}
	EndGlobalSection
EndGlobal
